// !$*UTF8*$!
{
	archiveVersion = 1;
	classes = {
	};
	objectVersion = 46;
	objects = {

/* Begin PBXBuildFile section */
		972501721F99E5DE00D9DBD2 /* FMDatabase.m in Sources */ = {isa = PBXBuildFile; fileRef = 972501711F99E5DE00D9DBD2 /* FMDatabase.m */; };
		972501751F99E5F000D9DBD2 /* FMDatabaseAdditions.m in Sources */ = {isa = PBXBuildFile; fileRef = 972501741F99E5F000D9DBD2 /* FMDatabaseAdditions.m */; };
		972501781F99E5FB00D9DBD2 /* FMDatabasePool.m in Sources */ = {isa = PBXBuildFile; fileRef = 972501771F99E5FB00D9DBD2 /* FMDatabasePool.m */; };
		9725017B1F99E60500D9DBD2 /* FMDatabaseQueue.m in Sources */ = {isa = PBXBuildFile; fileRef = 9725017A1F99E60500D9DBD2 /* FMDatabaseQueue.m */; };
		9725017F1F99E61800D9DBD2 /* FMResultSet.m in Sources */ = {isa = PBXBuildFile; fileRef = 9725017E1F99E61800D9DBD2 /* FMResultSet.m */; };
		972501841F99EEBC00D9DBD2 /* MapKit.framework in Frameworks */ = {isa = PBXBuildFile; fileRef = 972501831F99EEBC00D9DBD2 /* MapKit.framework */; };
		972501861F99FC6F00D9DBD2 /* DBManager.swift in Sources */ = {isa = PBXBuildFile; fileRef = 972501851F99FC6F00D9DBD2 /* DBManager.swift */; };
		972501881F9A077500D9DBD2 /* libsqlite3.tbd in Frameworks */ = {isa = PBXBuildFile; fileRef = 972501871F9A077500D9DBD2 /* libsqlite3.tbd */; };
		9725018C1F9A0EDC00D9DBD2 /* Airport.swift in Sources */ = {isa = PBXBuildFile; fileRef = 9725018B1F9A0EDC00D9DBD2 /* Airport.swift */; };
		9725018E1F9A11D000D9DBD2 /* AirportTableViewCell.swift in Sources */ = {isa = PBXBuildFile; fileRef = 9725018D1F9A11D000D9DBD2 /* AirportTableViewCell.swift */; };
		972501921F9A231C00D9DBD2 /* AirportDetailViewController.swift in Sources */ = {isa = PBXBuildFile; fileRef = 972501911F9A231C00D9DBD2 /* AirportDetailViewController.swift */; };
		976452581F98E161008EFB2D /* AppDelegate.swift in Sources */ = {isa = PBXBuildFile; fileRef = 976452571F98E161008EFB2D /* AppDelegate.swift */; };
		9764525D1F98E161008EFB2D /* Main.storyboard in Resources */ = {isa = PBXBuildFile; fileRef = 9764525B1F98E161008EFB2D /* Main.storyboard */; };
		9764525F1F98E161008EFB2D /* Assets.xcassets in Resources */ = {isa = PBXBuildFile; fileRef = 9764525E1F98E161008EFB2D /* Assets.xcassets */; };
		976452621F98E161008EFB2D /* LaunchScreen.storyboard in Resources */ = {isa = PBXBuildFile; fileRef = 976452601F98E161008EFB2D /* LaunchScreen.storyboard */; };
		9764526A1F98E5DB008EFB2D /* AirportsTableViewController.swift in Sources */ = {isa = PBXBuildFile; fileRef = 976452691F98E5DB008EFB2D /* AirportsTableViewController.swift */; };
		99559B091F9A2D1800EA4A57 /* airports.sqlite in Resources */ = {isa = PBXBuildFile; fileRef = 99559B081F9A2D1800EA4A57 /* airports.sqlite */; };
		99559B0B1F9A2D7000EA4A57 /* MapViewController.swift in Sources */ = {isa = PBXBuildFile; fileRef = 99559B0A1F9A2D7000EA4A57 /* MapViewController.swift */; };
/* End PBXBuildFile section */

/* Begin PBXFileReference section */
		9725016F1F99E5D400D9DBD2 /* FMDatabase.h */ = {isa = PBXFileReference; fileEncoding = 4; lastKnownFileType = sourcecode.c.h; path = FMDatabase.h; sourceTree = "<group>"; };
		972501701F99E5DE00D9DBD2 /* Airport-Bridging-Header.h */ = {isa = PBXFileReference; lastKnownFileType = sourcecode.c.h; path = "Airport-Bridging-Header.h"; sourceTree = "<group>"; };
		972501711F99E5DE00D9DBD2 /* FMDatabase.m */ = {isa = PBXFileReference; fileEncoding = 4; lastKnownFileType = sourcecode.c.objc; path = FMDatabase.m; sourceTree = "<group>"; };
		972501731F99E5E700D9DBD2 /* FMDatabaseAdditions.h */ = {isa = PBXFileReference; fileEncoding = 4; lastKnownFileType = sourcecode.c.h; path = FMDatabaseAdditions.h; sourceTree = "<group>"; };
		972501741F99E5F000D9DBD2 /* FMDatabaseAdditions.m */ = {isa = PBXFileReference; fileEncoding = 4; lastKnownFileType = sourcecode.c.objc; path = FMDatabaseAdditions.m; sourceTree = "<group>"; };
		972501761F99E5F600D9DBD2 /* FMDatabasePool.h */ = {isa = PBXFileReference; fileEncoding = 4; lastKnownFileType = sourcecode.c.h; path = FMDatabasePool.h; sourceTree = "<group>"; };
		972501771F99E5FB00D9DBD2 /* FMDatabasePool.m */ = {isa = PBXFileReference; fileEncoding = 4; lastKnownFileType = sourcecode.c.objc; path = FMDatabasePool.m; sourceTree = "<group>"; };
		972501791F99E60100D9DBD2 /* FMDatabaseQueue.h */ = {isa = PBXFileReference; fileEncoding = 4; lastKnownFileType = sourcecode.c.h; path = FMDatabaseQueue.h; sourceTree = "<group>"; };
		9725017A1F99E60500D9DBD2 /* FMDatabaseQueue.m */ = {isa = PBXFileReference; fileEncoding = 4; lastKnownFileType = sourcecode.c.objc; path = FMDatabaseQueue.m; sourceTree = "<group>"; };
		9725017C1F99E60D00D9DBD2 /* FMDB.h */ = {isa = PBXFileReference; fileEncoding = 4; lastKnownFileType = sourcecode.c.h; path = FMDB.h; sourceTree = "<group>"; };
		9725017D1F99E61300D9DBD2 /* FMResultSet.h */ = {isa = PBXFileReference; fileEncoding = 4; lastKnownFileType = sourcecode.c.h; path = FMResultSet.h; sourceTree = "<group>"; };
		9725017E1F99E61800D9DBD2 /* FMResultSet.m */ = {isa = PBXFileReference; fileEncoding = 4; lastKnownFileType = sourcecode.c.objc; path = FMResultSet.m; sourceTree = "<group>"; };
		972501831F99EEBC00D9DBD2 /* MapKit.framework */ = {isa = PBXFileReference; lastKnownFileType = wrapper.framework; name = MapKit.framework; path = System/Library/Frameworks/MapKit.framework; sourceTree = SDKROOT; };
		972501851F99FC6F00D9DBD2 /* DBManager.swift */ = {isa = PBXFileReference; fileEncoding = 4; lastKnownFileType = sourcecode.swift; path = DBManager.swift; sourceTree = "<group>"; };
		972501871F9A077500D9DBD2 /* libsqlite3.tbd */ = {isa = PBXFileReference; lastKnownFileType = "sourcecode.text-based-dylib-definition"; name = libsqlite3.tbd; path = usr/lib/libsqlite3.tbd; sourceTree = SDKROOT; };
		9725018B1F9A0EDC00D9DBD2 /* Airport.swift */ = {isa = PBXFileReference; fileEncoding = 4; lastKnownFileType = sourcecode.swift; name = Airport.swift; path = Airport/Airport.swift; sourceTree = SOURCE_ROOT; };
		9725018D1F9A11D000D9DBD2 /* AirportTableViewCell.swift */ = {isa = PBXFileReference; fileEncoding = 4; lastKnownFileType = sourcecode.swift; path = AirportTableViewCell.swift; sourceTree = "<group>"; };
		972501911F9A231C00D9DBD2 /* AirportDetailViewController.swift */ = {isa = PBXFileReference; fileEncoding = 4; lastKnownFileType = sourcecode.swift; path = AirportDetailViewController.swift; sourceTree = "<group>"; };
		976452541F98E161008EFB2D /* Airport.app */ = {isa = PBXFileReference; explicitFileType = wrapper.application; includeInIndex = 0; path = Airport.app; sourceTree = BUILT_PRODUCTS_DIR; };
		976452571F98E161008EFB2D /* AppDelegate.swift */ = {isa = PBXFileReference; lastKnownFileType = sourcecode.swift; path = AppDelegate.swift; sourceTree = "<group>"; };
		9764525C1F98E161008EFB2D /* Base */ = {isa = PBXFileReference; lastKnownFileType = file.storyboard; name = Base; path = Base.lproj/Main.storyboard; sourceTree = "<group>"; };
		9764525E1F98E161008EFB2D /* Assets.xcassets */ = {isa = PBXFileReference; lastKnownFileType = folder.assetcatalog; path = Assets.xcassets; sourceTree = "<group>"; };
		976452611F98E161008EFB2D /* Base */ = {isa = PBXFileReference; lastKnownFileType = file.storyboard; name = Base; path = Base.lproj/LaunchScreen.storyboard; sourceTree = "<group>"; };
		976452631F98E161008EFB2D /* Info.plist */ = {isa = PBXFileReference; lastKnownFileType = text.plist.xml; path = Info.plist; sourceTree = "<group>"; };
		976452691F98E5DB008EFB2D /* AirportsTableViewController.swift */ = {isa = PBXFileReference; fileEncoding = 4; lastKnownFileType = sourcecode.swift; path = AirportsTableViewController.swift; sourceTree = "<group>"; };
		99559B081F9A2D1800EA4A57 /* airports.sqlite */ = {isa = PBXFileReference; lastKnownFileType = file; name = airports.sqlite; path = ../../../Downloads/airports.sqlite; sourceTree = "<group>"; };
		99559B0A1F9A2D7000EA4A57 /* MapViewController.swift */ = {isa = PBXFileReference; fileEncoding = 4; lastKnownFileType = sourcecode.swift; path = MapViewController.swift; sourceTree = "<group>"; };
/* End PBXFileReference section */

/* Begin PBXFrameworksBuildPhase section */
		976452511F98E161008EFB2D /* Frameworks */ = {
			isa = PBXFrameworksBuildPhase;
			buildActionMask = 2147483647;
			files = (
				972501881F9A077500D9DBD2 /* libsqlite3.tbd in Frameworks */,
				972501841F99EEBC00D9DBD2 /* MapKit.framework in Frameworks */,
			);
			runOnlyForDeploymentPostprocessing = 0;
		};
/* End PBXFrameworksBuildPhase section */

/* Begin PBXGroup section */
		9725014C1F99E4A800D9DBD2 /* FMDB */ = {
			isa = PBXGroup;
			children = (
				9725017E1F99E61800D9DBD2 /* FMResultSet.m */,
				9725017D1F99E61300D9DBD2 /* FMResultSet.h */,
				9725017C1F99E60D00D9DBD2 /* FMDB.h */,
				9725017A1F99E60500D9DBD2 /* FMDatabaseQueue.m */,
				972501791F99E60100D9DBD2 /* FMDatabaseQueue.h */,
				972501771F99E5FB00D9DBD2 /* FMDatabasePool.m */,
				972501761F99E5F600D9DBD2 /* FMDatabasePool.h */,
				972501741F99E5F000D9DBD2 /* FMDatabaseAdditions.m */,
				972501731F99E5E700D9DBD2 /* FMDatabaseAdditions.h */,
				972501711F99E5DE00D9DBD2 /* FMDatabase.m */,
				9725016F1F99E5D400D9DBD2 /* FMDatabase.h */,
				972501701F99E5DE00D9DBD2 /* Airport-Bridging-Header.h */,
			);
			path = FMDB;
			sourceTree = "<group>";
		};
		972501821F99EEBC00D9DBD2 /* Frameworks */ = {
			isa = PBXGroup;
			children = (
				972501871F9A077500D9DBD2 /* libsqlite3.tbd */,
				972501831F99EEBC00D9DBD2 /* MapKit.framework */,
			);
			name = Frameworks;
			sourceTree = "<group>";
		};
		9764524B1F98E161008EFB2D = {
			isa = PBXGroup;
			children = (
				976452561F98E161008EFB2D /* Airport */,
				976452551F98E161008EFB2D /* Products */,
				972501821F99EEBC00D9DBD2 /* Frameworks */,
			);
			sourceTree = "<group>";
		};
		976452551F98E161008EFB2D /* Products */ = {
			isa = PBXGroup;
			children = (
				976452541F98E161008EFB2D /* Airport.app */,
			);
			name = Products;
			sourceTree = "<group>";
		};
		976452561F98E161008EFB2D /* Airport */ = {
			isa = PBXGroup;
			children = (
				99559B081F9A2D1800EA4A57 /* airports.sqlite */,
				9725014C1F99E4A800D9DBD2 /* FMDB */,
				9725018B1F9A0EDC00D9DBD2 /* Airport.swift */,
				972501851F99FC6F00D9DBD2 /* DBManager.swift */,
				976452571F98E161008EFB2D /* AppDelegate.swift */,
				976452691F98E5DB008EFB2D /* AirportsTableViewController.swift */,
				9725018D1F9A11D000D9DBD2 /* AirportTableViewCell.swift */,
				972501911F9A231C00D9DBD2 /* AirportDetailViewController.swift */,
				9764525B1F98E161008EFB2D /* Main.storyboard */,
				9764525E1F98E161008EFB2D /* Assets.xcassets */,
				976452601F98E161008EFB2D /* LaunchScreen.storyboard */,
				976452631F98E161008EFB2D /* Info.plist */,
				99559B0A1F9A2D7000EA4A57 /* MapViewController.swift */,
			);
			path = Airport;
			sourceTree = "<group>";
		};
/* End PBXGroup section */

/* Begin PBXNativeTarget section */
		976452531F98E161008EFB2D /* Airport */ = {
			isa = PBXNativeTarget;
			buildConfigurationList = 976452661F98E161008EFB2D /* Build configuration list for PBXNativeTarget "Airport" */;
			buildPhases = (
				976452501F98E161008EFB2D /* Sources */,
				976452511F98E161008EFB2D /* Frameworks */,
				976452521F98E161008EFB2D /* Resources */,
			);
			buildRules = (
			);
			dependencies = (
			);
			name = Airport;
			productName = Airport;
			productReference = 976452541F98E161008EFB2D /* Airport.app */;
			productType = "com.apple.product-type.application";
		};
/* End PBXNativeTarget section */

/* Begin PBXProject section */
		9764524C1F98E161008EFB2D /* Project object */ = {
			isa = PBXProject;
			attributes = {
				LastSwiftUpdateCheck = 0800;
				LastUpgradeCheck = 0800;
				ORGANIZATIONNAME = "Mathieu Knook";
				TargetAttributes = {
					976452531F98E161008EFB2D = {
						CreatedOnToolsVersion = 8.0;
						LastSwiftMigration = 0800;
						ProvisioningStyle = Automatic;
					};
				};
			};
			buildConfigurationList = 9764524F1F98E161008EFB2D /* Build configuration list for PBXProject "Airport" */;
			compatibilityVersion = "Xcode 3.2";
			developmentRegion = English;
			hasScannedForEncodings = 0;
			knownRegions = (
				en,
				Base,
			);
			mainGroup = 9764524B1F98E161008EFB2D;
			productRefGroup = 976452551F98E161008EFB2D /* Products */;
			projectDirPath = "";
			projectRoot = "";
			targets = (
				976452531F98E161008EFB2D /* Airport */,
			);
		};
/* End PBXProject section */

/* Begin PBXResourcesBuildPhase section */
		976452521F98E161008EFB2D /* Resources */ = {
			isa = PBXResourcesBuildPhase;
			buildActionMask = 2147483647;
			files = (
				99559B091F9A2D1800EA4A57 /* airports.sqlite in Resources */,
				976452621F98E161008EFB2D /* LaunchScreen.storyboard in Resources */,
				9764525F1F98E161008EFB2D /* Assets.xcassets in Resources */,
				9764525D1F98E161008EFB2D /* Main.storyboard in Resources */,
			);
			runOnlyForDeploymentPostprocessing = 0;
		};
/* End PBXResourcesBuildPhase section */

/* Begin PBXSourcesBuildPhase section */
		976452501F98E161008EFB2D /* Sources */ = {
			isa = PBXSourcesBuildPhase;
			buildActionMask = 2147483647;
			files = (
				9725018C1F9A0EDC00D9DBD2 /* Airport.swift in Sources */,
				9725017B1F99E60500D9DBD2 /* FMDatabaseQueue.m in Sources */,
				9764526A1F98E5DB008EFB2D /* AirportsTableViewController.swift in Sources */,
				972501721F99E5DE00D9DBD2 /* FMDatabase.m in Sources */,
				972501781F99E5FB00D9DBD2 /* FMDatabasePool.m in Sources */,
				9725017F1F99E61800D9DBD2 /* FMResultSet.m in Sources */,
				976452581F98E161008EFB2D /* AppDelegate.swift in Sources */,
				99559B0B1F9A2D7000EA4A57 /* MapViewController.swift in Sources */,
				9725018E1F9A11D000D9DBD2 /* AirportTableViewCell.swift in Sources */,
				972501751F99E5F000D9DBD2 /* FMDatabaseAdditions.m in Sources */,
				972501921F9A231C00D9DBD2 /* AirportDetailViewController.swift in Sources */,
				972501861F99FC6F00D9DBD2 /* DBManager.swift in Sources */,
			);
			runOnlyForDeploymentPostprocessing = 0;
		};
/* End PBXSourcesBuildPhase section */

/* Begin PBXVariantGroup section */
		9764525B1F98E161008EFB2D /* Main.storyboard */ = {
			isa = PBXVariantGroup;
			children = (
				9764525C1F98E161008EFB2D /* Base */,
			);
			name = Main.storyboard;
			sourceTree = "<group>";
		};
		976452601F98E161008EFB2D /* LaunchScreen.storyboard */ = {
			isa = PBXVariantGroup;
			children = (
				976452611F98E161008EFB2D /* Base */,
			);
			name = LaunchScreen.storyboard;
			sourceTree = "<group>";
		};
/* End PBXVariantGroup section */

/* Begin XCBuildConfiguration section */
		976452641F98E161008EFB2D /* Debug */ = {
			isa = XCBuildConfiguration;
			buildSettings = {
				ALWAYS_SEARCH_USER_PATHS = NO;
				CLANG_ANALYZER_NONNULL = YES;
				CLANG_CXX_LANGUAGE_STANDARD = "gnu++0x";
				CLANG_CXX_LIBRARY = "libc++";
				CLANG_ENABLE_MODULES = YES;
				CLANG_ENABLE_OBJC_ARC = YES;
				CLANG_WARN_BOOL_CONVERSION = YES;
				CLANG_WARN_CONSTANT_CONVERSION = YES;
				CLANG_WARN_DIRECT_OBJC_ISA_USAGE = YES_ERROR;
				CLANG_WARN_DOCUMENTATION_COMMENTS = YES;
				CLANG_WARN_EMPTY_BODY = YES;
				CLANG_WARN_ENUM_CONVERSION = YES;
				CLANG_WARN_INFINITE_RECURSION = YES;
				CLANG_WARN_INT_CONVERSION = YES;
				CLANG_WARN_OBJC_ROOT_CLASS = YES_ERROR;
				CLANG_WARN_SUSPICIOUS_MOVES = YES;
				CLANG_WARN_UNREACHABLE_CODE = YES;
				CLANG_WARN__DUPLICATE_METHOD_MATCH = YES;
				"CODE_SIGN_IDENTITY[sdk=iphoneos*]" = "iPhone Developer";
				COPY_PHASE_STRIP = NO;
				DEBUG_INFORMATION_FORMAT = dwarf;
				ENABLE_STRICT_OBJC_MSGSEND = YES;
				ENABLE_TESTABILITY = YES;
				GCC_C_LANGUAGE_STANDARD = gnu99;
				GCC_DYNAMIC_NO_PIC = NO;
				GCC_NO_COMMON_BLOCKS = YES;
				GCC_OPTIMIZATION_LEVEL = 0;
				GCC_PREPROCESSOR_DEFINITIONS = (
					"DEBUG=1",
					"$(inherited)",
				);
				GCC_WARN_64_TO_32_BIT_CONVERSION = YES;
				GCC_WARN_ABOUT_RETURN_TYPE = YES_ERROR;
				GCC_WARN_UNDECLARED_SELECTOR = YES;
				GCC_WARN_UNINITIALIZED_AUTOS = YES_AGGRESSIVE;
				GCC_WARN_UNUSED_FUNCTION = YES;
				GCC_WARN_UNUSED_VARIABLE = YES;
				IPHONEOS_DEPLOYMENT_TARGET = 10.0;
				MTL_ENABLE_DEBUG_INFO = YES;
				ONLY_ACTIVE_ARCH = YES;
				SDKROOT = iphoneos;
				SWIFT_ACTIVE_COMPILATION_CONDITIONS = DEBUG;
				SWIFT_OPTIMIZATION_LEVEL = "-Onone";
				TARGETED_DEVICE_FAMILY = "1,2";
			};
			name = Debug;
		};
		976452651F98E161008EFB2D /* Release */ = {
			isa = XCBuildConfiguration;
			buildSettings = {
				ALWAYS_SEARCH_USER_PATHS = NO;
				CLANG_ANALYZER_NONNULL = YES;
				CLANG_CXX_LANGUAGE_STANDARD = "gnu++0x";
				CLANG_CXX_LIBRARY = "libc++";
				CLANG_ENABLE_MODULES = YES;
				CLANG_ENABLE_OBJC_ARC = YES;
				CLANG_WARN_BOOL_CONVERSION = YES;
				CLANG_WARN_CONSTANT_CONVERSION = YES;
				CLANG_WARN_DIRECT_OBJC_ISA_USAGE = YES_ERROR;
				CLANG_WARN_DOCUMENTATION_COMMENTS = YES;
				CLANG_WARN_EMPTY_BODY = YES;
				CLANG_WARN_ENUM_CONVERSION = YES;
				CLANG_WARN_INFINITE_RECURSION = YES;
				CLANG_WARN_INT_CONVERSION = YES;
				CLANG_WARN_OBJC_ROOT_CLASS = YES_ERROR;
				CLANG_WARN_SUSPICIOUS_MOVES = YES;
				CLANG_WARN_UNREACHABLE_CODE = YES;
				CLANG_WARN__DUPLICATE_METHOD_MATCH = YES;
				"CODE_SIGN_IDENTITY[sdk=iphoneos*]" = "iPhone Developer";
				COPY_PHASE_STRIP = NO;
				DEBUG_INFORMATION_FORMAT = "dwarf-with-dsym";
				ENABLE_NS_ASSERTIONS = NO;
				ENABLE_STRICT_OBJC_MSGSEND = YES;
				GCC_C_LANGUAGE_STANDARD = gnu99;
				GCC_NO_COMMON_BLOCKS = YES;
				GCC_WARN_64_TO_32_BIT_CONVERSION = YES;
				GCC_WARN_ABOUT_RETURN_TYPE = YES_ERROR;
				GCC_WARN_UNDECLARED_SELECTOR = YES;
				GCC_WARN_UNINITIALIZED_AUTOS = YES_AGGRESSIVE;
				GCC_WARN_UNUSED_FUNCTION = YES;
				GCC_WARN_UNUSED_VARIABLE = YES;
				IPHONEOS_DEPLOYMENT_TARGET = 10.0;
				MTL_ENABLE_DEBUG_INFO = NO;
				SDKROOT = iphoneos;
				SWIFT_OPTIMIZATION_LEVEL = "-Owholemodule";
				TARGETED_DEVICE_FAMILY = "1,2";
				VALIDATE_PRODUCT = YES;
			};
			name = Release;
		};
		976452671F98E161008EFB2D /* Debug */ = {
			isa = XCBuildConfiguration;
			buildSettings = {
				ASSETCATALOG_COMPILER_APPICON_NAME = AppIcon;
				CLANG_ENABLE_MODULES = YES;
				INFOPLIST_FILE = Airport/Info.plist;
				LD_RUNPATH_SEARCH_PATHS = "$(inherited) @executable_path/Frameworks";
				PRODUCT_BUNDLE_IDENTIFIER = Annea.Airport;
				PRODUCT_NAME = "$(TARGET_NAME)";
				SWIFT_OBJC_BRIDGING_HEADER = "Airport/FMDB/Airport-Bridging-Header.h";
				SWIFT_OPTIMIZATION_LEVEL = "-Onone";
				SWIFT_VERSION = 3.0;
			};
			name = Debug;
		};
		976452681F98E161008EFB2D /* Release */ = {
			isa = XCBuildConfiguration;
			buildSettings = {
				ASSETCATALOG_COMPILER_APPICON_NAME = AppIcon;
				CLANG_ENABLE_MODULES = YES;
				INFOPLIST_FILE = Airport/Info.plist;
				LD_RUNPATH_SEARCH_PATHS = "$(inherited) @executable_path/Frameworks";
				PRODUCT_BUNDLE_IDENTIFIER = Annea.Airport;
				PRODUCT_NAME = "$(TARGET_NAME)";
				SWIFT_OBJC_BRIDGING_HEADER = "Airport/FMDB/Airport-Bridging-Header.h";
				SWIFT_VERSION = 3.0;
			};
			name = Release;
		};
/* End XCBuildConfiguration section */

/* Begin XCConfigurationList section */
		9764524F1F98E161008EFB2D /* Build configuration list for PBXProject "Airport" */ = {
			isa = XCConfigurationList;
			buildConfigurations = (
				976452641F98E161008EFB2D /* Debug */,
				976452651F98E161008EFB2D /* Release */,
			);
			defaultConfigurationIsVisible = 0;
			defaultConfigurationName = Release;
		};
		976452661F98E161008EFB2D /* Build configuration list for PBXNativeTarget "Airport" */ = {
			isa = XCConfigurationList;
			buildConfigurations = (
				976452671F98E161008EFB2D /* Debug */,
				976452681F98E161008EFB2D /* Release */,
			);
			defaultConfigurationIsVisible = 0;
			defaultConfigurationName = Release;
		};
/* End XCConfigurationList section */
	};
	rootObject = 9764524C1F98E161008EFB2D /* Project object */;
}
